# THIS IS AN AUTOGENERATED FILE. DO NOT EDIT THIS FILE DIRECTLY.
# yarn lockfile v1


"@alloc/quick-lru@^5.2.0":
  version "5.2.0"
  resolved "https://registry.yarnpkg.com/@alloc/quick-lru/-/quick-lru-5.2.0.tgz#7bf68b20c0a350f936915fcae06f58e32007ce30"
  integrity sha512-UrcABB+4bUrFABwbluTIBErXwvbsU/V7TZWfmbgJfbkwiBuziS9gxdODUyuiecfdGQ85jglMW6juS3+z5TsKLw==

"@ampproject/remapping@^2.3.0":
  version "2.3.0"
  resolved "https://registry.yarnpkg.com/@ampproject/remapping/-/remapping-2.3.0.tgz#ed441b6fa600072520ce18b43d2c8cc8caecc7f4"
  integrity sha512-30iZtAPgz+LTIYoeivqYo853f02jBYSd5uGnGpkFV0M3xOt9aN73erkgYAmZU43x4VfqcnLxW9Kpg3R5LC4YYw==
  dependencies:
    "@jridgewell/gen-mapping" "^0.3.5"
    "@jridgewell/trace-mapping" "^0.3.24"

"@esbuild/aix-ppc64@0.25.1":
  version "0.25.1"
  resolved "https://registry.yarnpkg.com/@esbuild/aix-ppc64/-/aix-ppc64-0.25.1.tgz#c33cf6bbee34975626b01b80451cbb72b4c6c91d"
  integrity sha512-kfYGy8IdzTGy+z0vFGvExZtxkFlA4zAxgKEahG9KE1ScBjpQnFsNOX8KTU5ojNru5ed5CVoJYXFtoxaq5nFbjQ==

"@esbuild/android-arm64@0.25.1":
  version "0.25.1"
  resolved "https://registry.yarnpkg.com/@esbuild/android-arm64/-/android-arm64-0.25.1.tgz#ea766015c7d2655164f22100d33d7f0308a28d6d"
  integrity sha512-50tM0zCJW5kGqgG7fQ7IHvQOcAn9TKiVRuQ/lN0xR+T2lzEFvAi1ZcS8DiksFcEpf1t/GYOeOfCAgDHFpkiSmA==

"@esbuild/android-arm@0.25.1":
  version "0.25.1"
  resolved "https://registry.yarnpkg.com/@esbuild/android-arm/-/android-arm-0.25.1.tgz#e84d2bf2fe2e6177a0facda3a575b2139fd3cb9c"
  integrity sha512-dp+MshLYux6j/JjdqVLnMglQlFu+MuVeNrmT5nk6q07wNhCdSnB7QZj+7G8VMUGh1q+vj2Bq8kRsuyA00I/k+Q==

"@esbuild/android-x64@0.25.1":
  version "0.25.1"
  resolved "https://registry.yarnpkg.com/@esbuild/android-x64/-/android-x64-0.25.1.tgz#58337bee3bc6d78d10425e5500bd11370cfdfbed"
  integrity sha512-GCj6WfUtNldqUzYkN/ITtlhwQqGWu9S45vUXs7EIYf+7rCiiqH9bCloatO9VhxsL0Pji+PF4Lz2XXCES+Q8hDw==

"@esbuild/darwin-arm64@0.25.1":
  version "0.25.1"
  resolved "https://registry.yarnpkg.com/@esbuild/darwin-arm64/-/darwin-arm64-0.25.1.tgz#a46805c1c585d451aa83be72500bd6e8495dd591"
  integrity sha512-5hEZKPf+nQjYoSr/elb62U19/l1mZDdqidGfmFutVUjjUZrOazAtwK+Kr+3y0C/oeJfLlxo9fXb1w7L+P7E4FQ==

"@esbuild/darwin-x64@0.25.1":
  version "0.25.1"
  resolved "https://registry.yarnpkg.com/@esbuild/darwin-x64/-/darwin-x64-0.25.1.tgz#0643e003bb238c63fc93ddbee7d26a003be3cd98"
  integrity sha512-hxVnwL2Dqs3fM1IWq8Iezh0cX7ZGdVhbTfnOy5uURtao5OIVCEyj9xIzemDi7sRvKsuSdtCAhMKarxqtlyVyfA==

"@esbuild/freebsd-arm64@0.25.1":
  version "0.25.1"
  resolved "https://registry.yarnpkg.com/@esbuild/freebsd-arm64/-/freebsd-arm64-0.25.1.tgz#cff18da5469c09986b93e87979de5d6872fe8f8e"
  integrity sha512-1MrCZs0fZa2g8E+FUo2ipw6jw5qqQiH+tERoS5fAfKnRx6NXH31tXBKI3VpmLijLH6yriMZsxJtaXUyFt/8Y4A==

"@esbuild/freebsd-x64@0.25.1":
  version "0.25.1"
  resolved "https://registry.yarnpkg.com/@esbuild/freebsd-x64/-/freebsd-x64-0.25.1.tgz#362fc09c2de14987621c1878af19203c46365dde"
  integrity sha512-0IZWLiTyz7nm0xuIs0q1Y3QWJC52R8aSXxe40VUxm6BB1RNmkODtW6LHvWRrGiICulcX7ZvyH6h5fqdLu4gkww==

"@esbuild/linux-arm64@0.25.1":
  version "0.25.1"
  resolved "https://registry.yarnpkg.com/@esbuild/linux-arm64/-/linux-arm64-0.25.1.tgz#aa90d5b02efc97a271e124e6d1cea490634f7498"
  integrity sha512-jaN3dHi0/DDPelk0nLcXRm1q7DNJpjXy7yWaWvbfkPvI+7XNSc/lDOnCLN7gzsyzgu6qSAmgSvP9oXAhP973uQ==

"@esbuild/linux-arm@0.25.1":
  version "0.25.1"
  resolved "https://registry.yarnpkg.com/@esbuild/linux-arm/-/linux-arm-0.25.1.tgz#dfcefcbac60a20918b19569b4b657844d39db35a"
  integrity sha512-NdKOhS4u7JhDKw9G3cY6sWqFcnLITn6SqivVArbzIaf3cemShqfLGHYMx8Xlm/lBit3/5d7kXvriTUGa5YViuQ==

"@esbuild/linux-ia32@0.25.1":
  version "0.25.1"
  resolved "https://registry.yarnpkg.com/@esbuild/linux-ia32/-/linux-ia32-0.25.1.tgz#6f9527077ccb7953ed2af02e013d4bac69f13754"
  integrity sha512-OJykPaF4v8JidKNGz8c/q1lBO44sQNUQtq1KktJXdBLn1hPod5rE/Hko5ugKKZd+D2+o1a9MFGUEIUwO2YfgkQ==

"@esbuild/linux-loong64@0.25.1":
  version "0.25.1"
  resolved "https://registry.yarnpkg.com/@esbuild/linux-loong64/-/linux-loong64-0.25.1.tgz#287d2412a5456e5860c2839d42a4b51284d1697c"
  integrity sha512-nGfornQj4dzcq5Vp835oM/o21UMlXzn79KobKlcs3Wz9smwiifknLy4xDCLUU0BWp7b/houtdrgUz7nOGnfIYg==

"@esbuild/linux-mips64el@0.25.1":
  version "0.25.1"
  resolved "https://registry.yarnpkg.com/@esbuild/linux-mips64el/-/linux-mips64el-0.25.1.tgz#530574b9e1bc5d20f7a4f44c5f045e26f3783d57"
  integrity sha512-1osBbPEFYwIE5IVB/0g2X6i1qInZa1aIoj1TdL4AaAb55xIIgbg8Doq6a5BzYWgr+tEcDzYH67XVnTmUzL+nXg==

"@esbuild/linux-ppc64@0.25.1":
  version "0.25.1"
  resolved "https://registry.yarnpkg.com/@esbuild/linux-ppc64/-/linux-ppc64-0.25.1.tgz#5d7e6b283a0b321ea42c6bc0abeb9eb99c1f5589"
  integrity sha512-/6VBJOwUf3TdTvJZ82qF3tbLuWsscd7/1w+D9LH0W/SqUgM5/JJD0lrJ1fVIfZsqB6RFmLCe0Xz3fmZc3WtyVg==

"@esbuild/linux-riscv64@0.25.1":
  version "0.25.1"
  resolved "https://registry.yarnpkg.com/@esbuild/linux-riscv64/-/linux-riscv64-0.25.1.tgz#14fa0cd073c26b4ee2465d18cd1e18eea7859fa8"
  integrity sha512-nSut/Mx5gnilhcq2yIMLMe3Wl4FK5wx/o0QuuCLMtmJn+WeWYoEGDN1ipcN72g1WHsnIbxGXd4i/MF0gTcuAjQ==

"@esbuild/linux-s390x@0.25.1":
  version "0.25.1"
  resolved "https://registry.yarnpkg.com/@esbuild/linux-s390x/-/linux-s390x-0.25.1.tgz#e677b4b9d1b384098752266ccaa0d52a420dc1aa"
  integrity sha512-cEECeLlJNfT8kZHqLarDBQso9a27o2Zd2AQ8USAEoGtejOrCYHNtKP8XQhMDJMtthdF4GBmjR2au3x1udADQQQ==

"@esbuild/linux-x64@0.25.1":
  version "0.25.1"
  resolved "https://registry.yarnpkg.com/@esbuild/linux-x64/-/linux-x64-0.25.1.tgz#f1c796b78fff5ce393658313e8c58613198d9954"
  integrity sha512-xbfUhu/gnvSEg+EGovRc+kjBAkrvtk38RlerAzQxvMzlB4fXpCFCeUAYzJvrnhFtdeyVCDANSjJvOvGYoeKzFA==

"@esbuild/netbsd-arm64@0.25.1":
  version "0.25.1"
  resolved "https://registry.yarnpkg.com/@esbuild/netbsd-arm64/-/netbsd-arm64-0.25.1.tgz#0d280b7dfe3973f111b02d5fe9f3063b92796d29"
  integrity sha512-O96poM2XGhLtpTh+s4+nP7YCCAfb4tJNRVZHfIE7dgmax+yMP2WgMd2OecBuaATHKTHsLWHQeuaxMRnCsH8+5g==

"@esbuild/netbsd-x64@0.25.1":
  version "0.25.1"
  resolved "https://registry.yarnpkg.com/@esbuild/netbsd-x64/-/netbsd-x64-0.25.1.tgz#be663893931a4bb3f3a009c5cc24fa9681cc71c0"
  integrity sha512-X53z6uXip6KFXBQ+Krbx25XHV/NCbzryM6ehOAeAil7X7oa4XIq+394PWGnwaSQ2WRA0KI6PUO6hTO5zeF5ijA==

"@esbuild/openbsd-arm64@0.25.1":
  version "0.25.1"
  resolved "https://registry.yarnpkg.com/@esbuild/openbsd-arm64/-/openbsd-arm64-0.25.1.tgz#d9021b884233673a05dc1cc26de0bf325d824217"
  integrity sha512-Na9T3szbXezdzM/Kfs3GcRQNjHzM6GzFBeU1/6IV/npKP5ORtp9zbQjvkDJ47s6BCgaAZnnnu/cY1x342+MvZg==

"@esbuild/openbsd-x64@0.25.1":
  version "0.25.1"
  resolved "https://registry.yarnpkg.com/@esbuild/openbsd-x64/-/openbsd-x64-0.25.1.tgz#9f1dc1786ed2e2938c404b06bcc48be9a13250de"
  integrity sha512-T3H78X2h1tszfRSf+txbt5aOp/e7TAz3ptVKu9Oyir3IAOFPGV6O9c2naym5TOriy1l0nNf6a4X5UXRZSGX/dw==

"@esbuild/sunos-x64@0.25.1":
  version "0.25.1"
  resolved "https://registry.yarnpkg.com/@esbuild/sunos-x64/-/sunos-x64-0.25.1.tgz#89aac24a4b4115959b3f790192cf130396696c27"
  integrity sha512-2H3RUvcmULO7dIE5EWJH8eubZAI4xw54H1ilJnRNZdeo8dTADEZ21w6J22XBkXqGJbe0+wnNJtw3UXRoLJnFEg==

"@esbuild/win32-arm64@0.25.1":
  version "0.25.1"
  resolved "https://registry.yarnpkg.com/@esbuild/win32-arm64/-/win32-arm64-0.25.1.tgz#354358647a6ea98ea6d243bf48bdd7a434999582"
  integrity sha512-GE7XvrdOzrb+yVKB9KsRMq+7a2U/K5Cf/8grVFRAGJmfADr/e/ODQ134RK2/eeHqYV5eQRFxb1hY7Nr15fv1NQ==

"@esbuild/win32-ia32@0.25.1":
  version "0.25.1"
  resolved "https://registry.yarnpkg.com/@esbuild/win32-ia32/-/win32-ia32-0.25.1.tgz#8cea7340f2647eba951a041dc95651e3908cd4cb"
  integrity sha512-uOxSJCIcavSiT6UnBhBzE8wy3n0hOkJsBOzy7HDAuTDE++1DJMRRVCPGisULScHL+a/ZwdXPpXD3IyFKjA7K8A==

"@esbuild/win32-x64@0.25.1":
  version "0.25.1"
  resolved "https://registry.yarnpkg.com/@esbuild/win32-x64/-/win32-x64-0.25.1.tgz#7d79922cb2d88f9048f06393dbf62d2e4accb584"
  integrity sha512-Y1EQdcfwMSeQN/ujR5VayLOJ1BHaK+ssyk0AEzPjC+t1lITgsnccPqFjb6V+LsTp/9Iov4ysfjxLaGJ9RPtkVg==

"@jridgewell/gen-mapping@^0.3.5":
  version "0.3.8"
  resolved "https://registry.yarnpkg.com/@jridgewell/gen-mapping/-/gen-mapping-0.3.8.tgz#4f0e06362e01362f823d348f1872b08f666d8142"
  integrity sha512-imAbBGkb+ebQyxKgzv5Hu2nmROxoDOXHh80evxdoXNOrvAnVx7zimzc1Oo5h9RlfV4vPXaE2iM5pOFbvOCClWA==
  dependencies:
    "@jridgewell/set-array" "^1.2.1"
    "@jridgewell/sourcemap-codec" "^1.4.10"
    "@jridgewell/trace-mapping" "^0.3.24"

"@jridgewell/resolve-uri@^3.1.0":
  version "3.1.2"
  resolved "https://registry.yarnpkg.com/@jridgewell/resolve-uri/-/resolve-uri-3.1.2.tgz#7a0ee601f60f99a20c7c7c5ff0c80388c1189bd6"
  integrity sha512-bRISgCIjP20/tbWSPWMEi54QVPRZExkuD9lJL+UIxUKtwVJA8wW1Trb1jMs1RFXo1CBTNZ/5hpC9QvmKWdopKw==

"@jridgewell/set-array@^1.2.1":
  version "1.2.1"
  resolved "https://registry.yarnpkg.com/@jridgewell/set-array/-/set-array-1.2.1.tgz#558fb6472ed16a4c850b889530e6b36438c49280"
  integrity sha512-R8gLRTZeyp03ymzP/6Lil/28tGeGEzhx1q2k703KGWRAI1VdvPIXdG70VJc2pAMw3NA6JKL5hhFu1sJX0Mnn/A==

"@jridgewell/sourcemap-codec@^1.4.10", "@jridgewell/sourcemap-codec@^1.4.14", "@jridgewell/sourcemap-codec@^1.4.15", "@jridgewell/sourcemap-codec@^1.5.0":
  version "1.5.0"
  resolved "https://registry.yarnpkg.com/@jridgewell/sourcemap-codec/-/sourcemap-codec-1.5.0.tgz#3188bcb273a414b0d215fd22a58540b989b9409a"
  integrity sha512-gv3ZRaISU3fjPAgNsriBRqGWQL6quFx04YMPW/zD8XMLsU32mhCCbfbO6KZFLjvYpCZ8zyDEgqsgf+PwPaM7GQ==

"@jridgewell/trace-mapping@^0.3.24":
  version "0.3.25"
  resolved "https://registry.yarnpkg.com/@jridgewell/trace-mapping/-/trace-mapping-0.3.25.tgz#15f190e98895f3fc23276ee14bc76b675c2e50f0"
  integrity sha512-vNk6aEwybGtawWmy/PzwnGDOjCkLWSD2wqvjGGAgOAwCGWySYXfYoxt00IJkTF+8Lb57DwOb3Aa0o9CApepiYQ==
  dependencies:
    "@jridgewell/resolve-uri" "^3.1.0"
    "@jridgewell/sourcemap-codec" "^1.4.14"

"@rollup/rollup-android-arm-eabi@4.35.0":
  version "4.35.0"
  resolved "https://registry.yarnpkg.com/@rollup/rollup-android-arm-eabi/-/rollup-android-arm-eabi-4.35.0.tgz#e1d7700735f7e8de561ef7d1fa0362082a180c43"
  integrity sha512-uYQ2WfPaqz5QtVgMxfN6NpLD+no0MYHDBywl7itPYd3K5TjjSghNKmX8ic9S8NU8w81NVhJv/XojcHptRly7qQ==

"@rollup/rollup-android-arm64@4.35.0":
  version "4.35.0"
  resolved "https://registry.yarnpkg.com/@rollup/rollup-android-arm64/-/rollup-android-arm64-4.35.0.tgz#fa6cdfb1fc9e2c8e227a7f35d524d8f7f90cf4db"
  integrity sha512-FtKddj9XZudurLhdJnBl9fl6BwCJ3ky8riCXjEw3/UIbjmIY58ppWwPEvU3fNu+W7FUsAsB1CdH+7EQE6CXAPA==

"@rollup/rollup-darwin-arm64@4.35.0":
  version "4.35.0"
  resolved "https://registry.yarnpkg.com/@rollup/rollup-darwin-arm64/-/rollup-darwin-arm64-4.35.0.tgz#6da5a1ddc4f11d4a7ae85ab443824cb6bf614e30"
  integrity sha512-Uk+GjOJR6CY844/q6r5DR/6lkPFOw0hjfOIzVx22THJXMxktXG6CbejseJFznU8vHcEBLpiXKY3/6xc+cBm65Q==

"@rollup/rollup-darwin-x64@4.35.0":
  version "4.35.0"
  resolved "https://registry.yarnpkg.com/@rollup/rollup-darwin-x64/-/rollup-darwin-x64-4.35.0.tgz#25b74ce2d8d3f9ea8e119b01384d44a1c0a0d3ae"
  integrity sha512-3IrHjfAS6Vkp+5bISNQnPogRAW5GAV1n+bNCrDwXmfMHbPl5EhTmWtfmwlJxFRUCBZ+tZ/OxDyU08aF6NI/N5Q==

"@rollup/rollup-freebsd-arm64@4.35.0":
  version "4.35.0"
  resolved "https://registry.yarnpkg.com/@rollup/rollup-freebsd-arm64/-/rollup-freebsd-arm64-4.35.0.tgz#be3d39e3441df5d6e187c83d158c60656c82e203"
  integrity sha512-sxjoD/6F9cDLSELuLNnY0fOrM9WA0KrM0vWm57XhrIMf5FGiN8D0l7fn+bpUeBSU7dCgPV2oX4zHAsAXyHFGcQ==

"@rollup/rollup-freebsd-x64@4.35.0":
  version "4.35.0"
  resolved "https://registry.yarnpkg.com/@rollup/rollup-freebsd-x64/-/rollup-freebsd-x64-4.35.0.tgz#cd932d3ec679711efd65ca25821fb318e25b7ce4"
  integrity sha512-2mpHCeRuD1u/2kruUiHSsnjWtHjqVbzhBkNVQ1aVD63CcexKVcQGwJ2g5VphOd84GvxfSvnnlEyBtQCE5hxVVw==

"@rollup/rollup-linux-arm-gnueabihf@4.35.0":
  version "4.35.0"
  resolved "https://registry.yarnpkg.com/@rollup/rollup-linux-arm-gnueabihf/-/rollup-linux-arm-gnueabihf-4.35.0.tgz#d300b74c6f805474225632f185daaeae760ac2bb"
  integrity sha512-mrA0v3QMy6ZSvEuLs0dMxcO2LnaCONs1Z73GUDBHWbY8tFFocM6yl7YyMu7rz4zS81NDSqhrUuolyZXGi8TEqg==

"@rollup/rollup-linux-arm-musleabihf@4.35.0":
  version "4.35.0"
  resolved "https://registry.yarnpkg.com/@rollup/rollup-linux-arm-musleabihf/-/rollup-linux-arm-musleabihf-4.35.0.tgz#2caac622380f314c41934ed1e68ceaf6cc380cc3"
  integrity sha512-DnYhhzcvTAKNexIql8pFajr0PiDGrIsBYPRvCKlA5ixSS3uwo/CWNZxB09jhIapEIg945KOzcYEAGGSmTSpk7A==

"@rollup/rollup-linux-arm64-gnu@4.35.0":
  version "4.35.0"
  resolved "https://registry.yarnpkg.com/@rollup/rollup-linux-arm64-gnu/-/rollup-linux-arm64-gnu-4.35.0.tgz#1ec841650b038cc15c194c26326483fd7ebff3e3"
  integrity sha512-uagpnH2M2g2b5iLsCTZ35CL1FgyuzzJQ8L9VtlJ+FckBXroTwNOaD0z0/UF+k5K3aNQjbm8LIVpxykUOQt1m/A==

"@rollup/rollup-linux-arm64-musl@4.35.0":
  version "4.35.0"
  resolved "https://registry.yarnpkg.com/@rollup/rollup-linux-arm64-musl/-/rollup-linux-arm64-musl-4.35.0.tgz#2fc70a446d986e27f6101ea74e81746987f69150"
  integrity sha512-XQxVOCd6VJeHQA/7YcqyV0/88N6ysSVzRjJ9I9UA/xXpEsjvAgDTgH3wQYz5bmr7SPtVK2TsP2fQ2N9L4ukoUg==

"@rollup/rollup-linux-loongarch64-gnu@4.35.0":
  version "4.35.0"
  resolved "https://registry.yarnpkg.com/@rollup/rollup-linux-loongarch64-gnu/-/rollup-linux-loongarch64-gnu-4.35.0.tgz#561bd045cd9ce9e08c95f42e7a8688af8c93d764"
  integrity sha512-5pMT5PzfgwcXEwOaSrqVsz/LvjDZt+vQ8RT/70yhPU06PTuq8WaHhfT1LW+cdD7mW6i/J5/XIkX/1tCAkh1W6g==

"@rollup/rollup-linux-powerpc64le-gnu@4.35.0":
  version "4.35.0"
  resolved "https://registry.yarnpkg.com/@rollup/rollup-linux-powerpc64le-gnu/-/rollup-linux-powerpc64le-gnu-4.35.0.tgz#45d849a0b33813f33fe5eba9f99e0ff15ab5caad"
  integrity sha512-c+zkcvbhbXF98f4CtEIP1EBA/lCic5xB0lToneZYvMeKu5Kamq3O8gqrxiYYLzlZH6E3Aq+TSW86E4ay8iD8EA==

"@rollup/rollup-linux-riscv64-gnu@4.35.0":
  version "4.35.0"
  resolved "https://registry.yarnpkg.com/@rollup/rollup-linux-riscv64-gnu/-/rollup-linux-riscv64-gnu-4.35.0.tgz#78dde3e6fcf5b5733a97d0a67482d768aa1e83a5"
  integrity sha512-s91fuAHdOwH/Tad2tzTtPX7UZyytHIRR6V4+2IGlV0Cej5rkG0R61SX4l4y9sh0JBibMiploZx3oHKPnQBKe4g==

"@rollup/rollup-linux-s390x-gnu@4.35.0":
  version "4.35.0"
  resolved "https://registry.yarnpkg.com/@rollup/rollup-linux-s390x-gnu/-/rollup-linux-s390x-gnu-4.35.0.tgz#2e34835020f9e03dfb411473a5c2a0e8a9c5037b"
  integrity sha512-hQRkPQPLYJZYGP+Hj4fR9dDBMIM7zrzJDWFEMPdTnTy95Ljnv0/4w/ixFw3pTBMEuuEuoqtBINYND4M7ujcuQw==

"@rollup/rollup-linux-x64-gnu@4.35.0":
  version "4.35.0"
  resolved "https://registry.yarnpkg.com/@rollup/rollup-linux-x64-gnu/-/rollup-linux-x64-gnu-4.35.0.tgz#4f9774beddc6f4274df57ac99862eb23040de461"
  integrity sha512-Pim1T8rXOri+0HmV4CdKSGrqcBWX0d1HoPnQ0uw0bdp1aP5SdQVNBy8LjYncvnLgu3fnnCt17xjWGd4cqh8/hA==

"@rollup/rollup-linux-x64-musl@4.35.0":
  version "4.35.0"
  resolved "https://registry.yarnpkg.com/@rollup/rollup-linux-x64-musl/-/rollup-linux-x64-musl-4.35.0.tgz#dfcff2c1aed518b3d23ccffb49afb349d74fb608"
  integrity sha512-QysqXzYiDvQWfUiTm8XmJNO2zm9yC9P/2Gkrwg2dH9cxotQzunBHYr6jk4SujCTqnfGxduOmQcI7c2ryuW8XVg==

"@rollup/rollup-win32-arm64-msvc@4.35.0":
  version "4.35.0"
  resolved "https://registry.yarnpkg.com/@rollup/rollup-win32-arm64-msvc/-/rollup-win32-arm64-msvc-4.35.0.tgz#b0b37e2d77041e3aa772f519291309abf4c03a84"
  integrity sha512-OUOlGqPkVJCdJETKOCEf1mw848ZyJ5w50/rZ/3IBQVdLfR5jk/6Sr5m3iO2tdPgwo0x7VcncYuOvMhBWZq8ayg==

"@rollup/rollup-win32-ia32-msvc@4.35.0":
  version "4.35.0"
  resolved "https://registry.yarnpkg.com/@rollup/rollup-win32-ia32-msvc/-/rollup-win32-ia32-msvc-4.35.0.tgz#5b5a40e44a743ddc0e06b8e1b3982f856dc9ce0a"
  integrity sha512-2/lsgejMrtwQe44glq7AFFHLfJBPafpsTa6JvP2NGef/ifOa4KBoglVf7AKN7EV9o32evBPRqfg96fEHzWo5kw==

"@rollup/rollup-win32-x64-msvc@4.35.0":
  version "4.35.0"
  resolved "https://registry.yarnpkg.com/@rollup/rollup-win32-x64-msvc/-/rollup-win32-x64-msvc-4.35.0.tgz#05f25dbc9981bee1ae6e713daab10397044a46ca"
  integrity sha512-PIQeY5XDkrOysbQblSW7v3l1MDZzkTEzAfTPkj5VAu3FW8fS4ynyLg2sINp0fp3SjZ8xkRYpLqoKcYqAkhU1dw==

"@sveltejs/acorn-typescript@^1.0.5":
  version "1.0.5"
  resolved "https://registry.yarnpkg.com/@sveltejs/acorn-typescript/-/acorn-typescript-1.0.5.tgz#f518101d1b2e12ce80854f1cd850d3b9fb91d710"
  integrity sha512-IwQk4yfwLdibDlrXVE04jTZYlLnwsTT2PIOQQGNLWfjavGifnk1JD1LcZjZaBTRcxZu2FfPfNLOE04DSu9lqtQ==

"@sveltejs/vite-plugin-svelte-inspector@^4.0.1":
  version "4.0.1"
  resolved "https://registry.yarnpkg.com/@sveltejs/vite-plugin-svelte-inspector/-/vite-plugin-svelte-inspector-4.0.1.tgz#2f99a4a593bb910d1492f6c00a042b521c07147e"
  integrity sha512-J/Nmb2Q2y7mck2hyCX4ckVHcR5tu2J+MtBEQqpDrrgELZ2uvraQcK/ioCV61AqkdXFgriksOKIceDcQmqnGhVw==
  dependencies:
    debug "^4.3.7"

"@sveltejs/vite-plugin-svelte@^5.0.3":
  version "5.0.3"
  resolved "https://registry.yarnpkg.com/@sveltejs/vite-plugin-svelte/-/vite-plugin-svelte-5.0.3.tgz#50f425c677243e00fda0402c049f28b489c7ab81"
  integrity sha512-MCFS6CrQDu1yGwspm4qtli0e63vaPCehf6V7pIMP15AsWgMKrqDGCPFF/0kn4SP0ii4aySu4Pa62+fIRGFMjgw==
  dependencies:
    "@sveltejs/vite-plugin-svelte-inspector" "^4.0.1"
    debug "^4.4.0"
    deepmerge "^4.3.1"
    kleur "^4.1.5"
    magic-string "^0.30.15"
    vitefu "^1.0.4"

"@tailwindcss/node@4.0.13":
  version "4.0.13"
  resolved "https://registry.yarnpkg.com/@tailwindcss/node/-/node-4.0.13.tgz#de1e5044ae9426231ee177e4771cb2683ad9998d"
  integrity sha512-P9TmtE9Vew0vv5FwyD4bsg/dHHsIsAuUXkenuGUc5gm8fYgaxpdoxIKngCyEMEQxyCKR8PQY5V5VrrKNOx7exg==
  dependencies:
    enhanced-resolve "^5.18.1"
    jiti "^2.4.2"
    tailwindcss "4.0.13"

"@tailwindcss/oxide-android-arm64@4.0.13":
  version "4.0.13"
  resolved "https://registry.yarnpkg.com/@tailwindcss/oxide-android-arm64/-/oxide-android-arm64-4.0.13.tgz#e5ddf4f757878740d3c8d227363d5456f0de8e28"
  integrity sha512-+9zmwaPQ8A9ycDcdb+hRkMn6NzsmZ4YJBsW5Xqq5EdOu9xlIgmuMuJauVzDPB5BSbIWfhPdZ+le8NeRZpl1coA==

"@tailwindcss/oxide-darwin-arm64@4.0.13":
  version "4.0.13"
  resolved "https://registry.yarnpkg.com/@tailwindcss/oxide-darwin-arm64/-/oxide-darwin-arm64-4.0.13.tgz#4a3f962888ba203feaaeed9a0cd0e97468fef642"
  integrity sha512-Bj1QGlEJSjs/205CIRfb5/jeveOqzJ4pFMdRxu0gyiYWxBRyxsExXqaD+7162wnLP/EDKh6S1MC9E/1GwEhLtA==

"@tailwindcss/oxide-darwin-x64@4.0.13":
  version "4.0.13"
  resolved "https://registry.yarnpkg.com/@tailwindcss/oxide-darwin-x64/-/oxide-darwin-x64-4.0.13.tgz#4b64b30de6047ae456ec5565b8793667deb2ac8d"
  integrity sha512-lRTkxjTpMGXhLLM5GjZ0MtjPczMuhAo9j7PeSsaU6Imkm7W7RbrXfT8aP934kS7cBBV+HKN5U19Z0WWaORfb8Q==

"@tailwindcss/oxide-freebsd-x64@4.0.13":
  version "4.0.13"
  resolved "https://registry.yarnpkg.com/@tailwindcss/oxide-freebsd-x64/-/oxide-freebsd-x64-4.0.13.tgz#506148fb8edbd419dd5c64303d3d3c797525dbc8"
  integrity sha512-p/YLyKhs+xFibVeAPlpMGDVMKgjChgzs12VnDFaaqRSJoOz+uJgRSKiir2tn50e7Nm4YYw35q/DRBwpDBNo1MQ==

"@tailwindcss/oxide-linux-arm-gnueabihf@4.0.13":
  version "4.0.13"
  resolved "https://registry.yarnpkg.com/@tailwindcss/oxide-linux-arm-gnueabihf/-/oxide-linux-arm-gnueabihf-4.0.13.tgz#4a33256e712b72ab7cbc20d70061b4b1105de266"
  integrity sha512-Ua/5ydE/QOTX8jHuc7M9ICWnaLi6K2MV/r+Ws2OppsOjy8tdlPbqYainJJ6Kl7ofm524K+4Fk9CQITPzeIESPw==

"@tailwindcss/oxide-linux-arm64-gnu@4.0.13":
  version "4.0.13"
  resolved "https://registry.yarnpkg.com/@tailwindcss/oxide-linux-arm64-gnu/-/oxide-linux-arm64-gnu-4.0.13.tgz#501144c2694783f60994b670dafb44718215b7de"
  integrity sha512-/W1+Q6tBAVgZWh/bhfOHo4n7Ryh6E7zYj4bJd9SRbkPyLtRioyK3bi6RLuDj57sa7Amk/DeomSV9iycS0xqIPA==

"@tailwindcss/oxide-linux-arm64-musl@4.0.13":
  version "4.0.13"
  resolved "https://registry.yarnpkg.com/@tailwindcss/oxide-linux-arm64-musl/-/oxide-linux-arm64-musl-4.0.13.tgz#658c0bea27e6ca281ec5e042722f349c3c5bbc15"
  integrity sha512-GQj6TWevNxwsYw20FdT2r2d1f7uiRsF07iFvNYxPIvIyPEV74eZ0zgFEsAH1daK1OxPy+LXdZ4grV17P5tVzhQ==

"@tailwindcss/oxide-linux-x64-gnu@4.0.13":
  version "4.0.13"
  resolved "https://registry.yarnpkg.com/@tailwindcss/oxide-linux-x64-gnu/-/oxide-linux-x64-gnu-4.0.13.tgz#fe18d57ff8859782c3a5be2674de689064ea979f"
  integrity sha512-sQRH09faifF9w9WS6TKDWr1oLi4hoPx0EIWXZHQK/jcjarDpXGQ2DbF0KnALJCwWBxOIP/1nrmU01fZwwMzY3g==

"@tailwindcss/oxide-linux-x64-musl@4.0.13":
  version "4.0.13"
  resolved "https://registry.yarnpkg.com/@tailwindcss/oxide-linux-x64-musl/-/oxide-linux-x64-musl-4.0.13.tgz#fef520bb3446d1743918295363b26a9f748c9a5d"
  integrity sha512-Or1N8DIF3tP+LsloJp+UXLTIMMHMUcWXFhJLCsM4T7MzFzxkeReewRWXfk5mk137cdqVeUEH/R50xAhY1mOkTQ==

"@tailwindcss/oxide-win32-arm64-msvc@4.0.13":
  version "4.0.13"
  resolved "https://registry.yarnpkg.com/@tailwindcss/oxide-win32-arm64-msvc/-/oxide-win32-arm64-msvc-4.0.13.tgz#682db74f734c446579993ce3c043755e6b6fc57f"
  integrity sha512-u2mQyqCFrr9vVTP6sfDRfGE6bhOX3/7rInehzxNhHX1HYRIx09H3sDdXzTxnZWKOjIg3qjFTCrYFUZckva5PIg==

"@tailwindcss/oxide-win32-x64-msvc@4.0.13":
  version "4.0.13"
  resolved "https://registry.yarnpkg.com/@tailwindcss/oxide-win32-x64-msvc/-/oxide-win32-x64-msvc-4.0.13.tgz#73d00fa4d9bfd511da21f63412c6fbba26ae71cc"
  integrity sha512-sOEc4iCanp1Yqyeu9suQcEzfaUcHnqjBUgDg0ZXpjUMUwdSi37S1lu1RGoV1BYInvvGu3y3HHTmvsSfDhx2L8w==

"@tailwindcss/oxide@4.0.13":
  version "4.0.13"
  resolved "https://registry.yarnpkg.com/@tailwindcss/oxide/-/oxide-4.0.13.tgz#ee0d6c12d922c20b1d8b1a96f0c2149354f86619"
  integrity sha512-pTH3Ex5zAWC9LbS+WsYAFmkXQW3NRjmvxkKJY3NP1x0KHBWjz0Q2uGtdGMJzsa0EwoZ7wq9RTbMH1UNPceCpWw==
  optionalDependencies:
    "@tailwindcss/oxide-android-arm64" "4.0.13"
    "@tailwindcss/oxide-darwin-arm64" "4.0.13"
    "@tailwindcss/oxide-darwin-x64" "4.0.13"
    "@tailwindcss/oxide-freebsd-x64" "4.0.13"
    "@tailwindcss/oxide-linux-arm-gnueabihf" "4.0.13"
    "@tailwindcss/oxide-linux-arm64-gnu" "4.0.13"
    "@tailwindcss/oxide-linux-arm64-musl" "4.0.13"
    "@tailwindcss/oxide-linux-x64-gnu" "4.0.13"
    "@tailwindcss/oxide-linux-x64-musl" "4.0.13"
    "@tailwindcss/oxide-win32-arm64-msvc" "4.0.13"
    "@tailwindcss/oxide-win32-x64-msvc" "4.0.13"

"@tailwindcss/postcss@^4.0.13":
  version "4.0.13"
  resolved "https://registry.yarnpkg.com/@tailwindcss/postcss/-/postcss-4.0.13.tgz#b8572724ccb827fefa5fb38039c1478fb8c0b5ef"
  integrity sha512-zTmnPGDYb2HKClTBTBwB+lLQH+Rq4etnQXFXs2lisRyXryUnoJIBByFTljkaK9F1d7o14h6t4NJIlfbZuOHR+A==
  dependencies:
    "@alloc/quick-lru" "^5.2.0"
    "@tailwindcss/node" "4.0.13"
    "@tailwindcss/oxide" "4.0.13"
    lightningcss "1.29.2"
    postcss "^8.4.41"
    tailwindcss "4.0.13"

"@tailwindcss/vite@^4.0.13":
  version "4.0.13"
  resolved "https://registry.yarnpkg.com/@tailwindcss/vite/-/vite-4.0.13.tgz#e260f4c50e8f43bde638490c3888962b31875fd2"
  integrity sha512-0XTd/NoVUAktIDaA4MdXhve0QWYh7WlZg20EHCuBFR80F8FhbVkRX+AY5cjbUP/IO2itHzt0iHc0iSE5kBUMhQ==
  dependencies:
    "@tailwindcss/node" "4.0.13"
    "@tailwindcss/oxide" "4.0.13"
    lightningcss "1.29.2"
    tailwindcss "4.0.13"

"@types/estree@1.0.6", "@types/estree@^1.0.5", "@types/estree@^1.0.6":
  version "1.0.6"
  resolved "https://registry.yarnpkg.com/@types/estree/-/estree-1.0.6.tgz#628effeeae2064a1b4e79f78e81d87b7e5fc7b50"
  integrity sha512-AYnb1nQyY49te+VRAVgmzfcgjYS91mY5P0TKUDCLEM+gNnA+3T6rWITXRLYCpahpqSQbN5cE+gHpnPyXjHWxcw==

acorn@^8.12.1:
  version "8.14.1"
  resolved "https://registry.yarnpkg.com/acorn/-/acorn-8.14.1.tgz#721d5dc10f7d5b5609a891773d47731796935dfb"
  integrity sha512-OvQ/2pUDKmgfCg++xsTX1wGxfTaszcHVcTctW4UJB4hibJx2HXxxO5UmVgyjMa+ZDsiaf5wWLXYpRWMmBI0QHg==

aria-query@^5.3.1:
  version "5.3.2"
  resolved "https://registry.yarnpkg.com/aria-query/-/aria-query-5.3.2.tgz#93f81a43480e33a338f19163a3d10a50c01dcd59"
  integrity sha512-COROpnaoap1E2F000S62r6A60uHZnmlvomhfyT2DlTcrY1OrBKn2UhH7qn5wTC9zMvD0AY7csdPSNwKP+7WiQw==

autoprefixer@^10.4.21:
  version "10.4.21"
  resolved "https://registry.yarnpkg.com/autoprefixer/-/autoprefixer-10.4.21.tgz#77189468e7a8ad1d9a37fbc08efc9f480cf0a95d"
  integrity sha512-O+A6LWV5LDHSJD3LjHYoNi4VLsj/Whi7k6zG12xTYaU4cQ8oxQGckXNX8cRHK5yOZ/ppVHe0ZBXGzSV9jXdVbQ==
  dependencies:
    browserslist "^4.24.4"
    caniuse-lite "^1.0.30001702"
    fraction.js "^4.3.7"
    normalize-range "^0.1.2"
    picocolors "^1.1.1"
    postcss-value-parser "^4.2.0"

axobject-query@^4.1.0:
  version "4.1.0"
  resolved "https://registry.yarnpkg.com/axobject-query/-/axobject-query-4.1.0.tgz#28768c76d0e3cff21bc62a9e2d0b6ac30042a1ee"
  integrity sha512-qIj0G9wZbMGNLjLmg1PT6v2mE9AH2zlnADJD/2tC6E00hgmhUOfEB6greHPAfLRSufHqROIUTkw6E+M3lH0PTQ==

browserslist@^4.24.4:
  version "4.24.4"
  resolved "https://registry.yarnpkg.com/browserslist/-/browserslist-4.24.4.tgz#c6b2865a3f08bcb860a0e827389003b9fe686e4b"
  integrity sha512-KDi1Ny1gSePi1vm0q4oxSF8b4DR44GF4BbmS2YdhPLOEqd8pDviZOGH/GsmRwoWJ2+5Lr085X7naowMwKHDG1A==
  dependencies:
    caniuse-lite "^1.0.30001688"
    electron-to-chromium "^1.5.73"
    node-releases "^2.0.19"
    update-browserslist-db "^1.1.1"

caniuse-lite@^1.0.30001688, caniuse-lite@^1.0.30001702:
  version "1.0.30001703"
  resolved "https://registry.yarnpkg.com/caniuse-lite/-/caniuse-lite-1.0.30001703.tgz#977cb4920598c158f491ecf4f4f2cfed9e354718"
  integrity sha512-kRlAGTRWgPsOj7oARC9m1okJEXdL/8fekFVcxA8Hl7GH4r/sN4OJn/i6Flde373T50KS7Y37oFbMwlE8+F42kQ==

clsx@^2.1.1:
  version "2.1.1"
  resolved "https://registry.yarnpkg.com/clsx/-/clsx-2.1.1.tgz#eed397c9fd8bd882bfb18deab7102049a2f32999"
  integrity sha512-eYm0QWBtUrBWZWG0d386OGAw16Z995PiOVo2B7bjWSbHedGl5e0ZWaq65kOGgUSNesEIDkB9ISbTg/JK9dhCZA==

debug@^4.3.7, debug@^4.4.0:
  version "4.4.0"
  resolved "https://registry.yarnpkg.com/debug/-/debug-4.4.0.tgz#2b3f2aea2ffeb776477460267377dc8710faba8a"
  integrity sha512-6WTZ/IxCY/T6BALoZHaE4ctp9xm+Z5kY/pzYaCHRFeyVhojxlrm+46y68HA6hr0TcwEssoxNiDEUJQjfPZ/RYA==
  dependencies:
    ms "^2.1.3"

deepmerge@^4.3.1:
  version "4.3.1"
  resolved "https://registry.yarnpkg.com/deepmerge/-/deepmerge-4.3.1.tgz#44b5f2147cd3b00d4b56137685966f26fd25dd4a"
  integrity sha512-3sUqbMEc77XqpdNO7FRyRog+eW3ph+GYCbj+rK+uYyRMuwsVy0rMiVtPn+QJlKFvWP/1PYpapqYn0Me2knFn+A==

detect-libc@^2.0.3:
  version "2.0.3"
  resolved "https://registry.yarnpkg.com/detect-libc/-/detect-libc-2.0.3.tgz#f0cd503b40f9939b894697d19ad50895e30cf700"
  integrity sha512-bwy0MGW55bG41VqxxypOsdSdGqLwXPI/focwgTYCFMbdUiBAxLg9CFzG08sz2aqzknwiX7Hkl0bQENjg8iLByw==

electron-to-chromium@^1.5.73:
  version "1.5.114"
  resolved "https://registry.yarnpkg.com/electron-to-chromium/-/electron-to-chromium-1.5.114.tgz#f2bb4fda80a7db4ea273565e75b0ebbe19af0ac3"
  integrity sha512-DFptFef3iktoKlFQK/afbo274/XNWD00Am0xa7M8FZUepHlHT8PEuiNBoRfFHbH1okqN58AlhbJ4QTkcnXorjA==

enhanced-resolve@^5.18.1:
  version "5.18.1"
  resolved "https://registry.yarnpkg.com/enhanced-resolve/-/enhanced-resolve-5.18.1.tgz#728ab082f8b7b6836de51f1637aab5d3b9568faf"
  integrity sha512-ZSW3ma5GkcQBIpwZTSRAI8N71Uuwgs93IezB7mf7R60tC8ZbJideoDNKjHn2O9KIlx6rkGTTEk1xUCK2E1Y2Yg==
  dependencies:
    graceful-fs "^4.2.4"
    tapable "^2.2.0"

esbuild@^0.25.0:
  version "0.25.1"
  resolved "https://registry.yarnpkg.com/esbuild/-/esbuild-0.25.1.tgz#a16b8d070b6ad4871935277bda6ccfe852e3fa2f"
  integrity sha512-BGO5LtrGC7vxnqucAe/rmvKdJllfGaYWdyABvyMoXQlfYMb2bbRuReWR5tEGE//4LcNJj9XrkovTqNYRFZHAMQ==
  optionalDependencies:
    "@esbuild/aix-ppc64" "0.25.1"
    "@esbuild/android-arm" "0.25.1"
    "@esbuild/android-arm64" "0.25.1"
    "@esbuild/android-x64" "0.25.1"
    "@esbuild/darwin-arm64" "0.25.1"
    "@esbuild/darwin-x64" "0.25.1"
    "@esbuild/freebsd-arm64" "0.25.1"
    "@esbuild/freebsd-x64" "0.25.1"
    "@esbuild/linux-arm" "0.25.1"
    "@esbuild/linux-arm64" "0.25.1"
    "@esbuild/linux-ia32" "0.25.1"
    "@esbuild/linux-loong64" "0.25.1"
    "@esbuild/linux-mips64el" "0.25.1"
    "@esbuild/linux-ppc64" "0.25.1"
    "@esbuild/linux-riscv64" "0.25.1"
    "@esbuild/linux-s390x" "0.25.1"
    "@esbuild/linux-x64" "0.25.1"
    "@esbuild/netbsd-arm64" "0.25.1"
    "@esbuild/netbsd-x64" "0.25.1"
    "@esbuild/openbsd-arm64" "0.25.1"
    "@esbuild/openbsd-x64" "0.25.1"
    "@esbuild/sunos-x64" "0.25.1"
    "@esbuild/win32-arm64" "0.25.1"
    "@esbuild/win32-ia32" "0.25.1"
    "@esbuild/win32-x64" "0.25.1"

escalade@^3.2.0:
  version "3.2.0"
  resolved "https://registry.yarnpkg.com/escalade/-/escalade-3.2.0.tgz#011a3f69856ba189dffa7dc8fcce99d2a87903e5"
  integrity sha512-WUj2qlxaQtO4g6Pq5c29GTcWGDyd8itL8zTlipgECz3JesAiiOKotd8JU6otB3PACgG6xkJUyVhboMS+bje/jA==

esm-env@^1.2.1:
  version "1.2.2"
  resolved "https://registry.yarnpkg.com/esm-env/-/esm-env-1.2.2.tgz#263c9455c55861f41618df31b20cb571fc20b75e"
  integrity sha512-Epxrv+Nr/CaL4ZcFGPJIYLWFom+YeV1DqMLHJoEd9SYRxNbaFruBwfEX/kkHUJf55j2+TUbmDcmuilbP1TmXHA==

esrap@^1.4.3:
  version "1.4.5"
  resolved "https://registry.yarnpkg.com/esrap/-/esrap-1.4.5.tgz#45469ad75773fd948d0eb190c2677e4807ba2483"
  integrity sha512-CjNMjkBWWZeHn+VX+gS8YvFwJ5+NDhg8aWZBSFJPR8qQduDNjbJodA2WcwCm7uQa5Rjqj+nZvVmceg1RbHFB9g==
  dependencies:
    "@jridgewell/sourcemap-codec" "^1.4.15"

fraction.js@^4.3.7:
  version "4.3.7"
  resolved "https://registry.yarnpkg.com/fraction.js/-/fraction.js-4.3.7.tgz#06ca0085157e42fda7f9e726e79fefc4068840f7"
  integrity sha512-ZsDfxO51wGAXREY55a7la9LScWpwv9RxIrYABrlvOFBlH/ShPnrtsXeuUIfXKKOVicNxQ+o8JTbJvjS4M89yew==

fsevents@~2.3.2, fsevents@~2.3.3:
  version "2.3.3"
  resolved "https://registry.yarnpkg.com/fsevents/-/fsevents-2.3.3.tgz#cac6407785d03675a2a5e1a5305c697b347d90d6"
  integrity sha512-5xoDfX+fL7faATnagmWPpbFtwh/R77WmMMqqHGS65C3vvB0YHrgF+B1YmZ3441tMj5n63k0212XNoJwzlhffQw==

graceful-fs@^4.2.4:
  version "4.2.11"
  resolved "https://registry.yarnpkg.com/graceful-fs/-/graceful-fs-4.2.11.tgz#4183e4e8bf08bb6e05bbb2f7d2e0c8f712ca40e3"
  integrity sha512-RbJ5/jmFcNNCcDV5o9eTnBLJ/HszWV0P73bc+Ff4nS/rJj+YaS6IGyiOL0VoBYX+l1Wrl3k63h/KrH+nhJ0XvQ==

is-reference@^3.0.3:
  version "3.0.3"
  resolved "https://registry.yarnpkg.com/is-reference/-/is-reference-3.0.3.tgz#9ef7bf9029c70a67b2152da4adf57c23d718910f"
  integrity sha512-ixkJoqQvAP88E6wLydLGGqCJsrFUnqoH6HnaczB8XmDH1oaWU+xxdptvikTgaEhtZ53Ky6YXiBuUI2WXLMCwjw==
  dependencies:
    "@types/estree" "^1.0.6"

jiti@^2.4.2:
  version "2.4.2"
  resolved "https://registry.yarnpkg.com/jiti/-/jiti-2.4.2.tgz#d19b7732ebb6116b06e2038da74a55366faef560"
  integrity sha512-rg9zJN+G4n2nfJl5MW3BMygZX56zKPNVEYYqq7adpmMh4Jn2QNEwhvQlFy6jPVdcod7txZtKHWnyZiA3a0zP7A==

kleur@^4.1.5:
  version "4.1.5"
  resolved "https://registry.yarnpkg.com/kleur/-/kleur-4.1.5.tgz#95106101795f7050c6c650f350c683febddb1780"
  integrity sha512-o+NO+8WrRiQEE4/7nwRJhN1HWpVmJm511pBHUxPLtp0BUISzlBplORYSmTclCnJvQq2tKu/sgl3xVpkc7ZWuQQ==

lightningcss-darwin-arm64@1.29.2:
  version "1.29.2"
  resolved "https://registry.yarnpkg.com/lightningcss-darwin-arm64/-/lightningcss-darwin-arm64-1.29.2.tgz#6ceff38b01134af48e859394e1ca21e5d49faae6"
  integrity sha512-cK/eMabSViKn/PG8U/a7aCorpeKLMlK0bQeNHmdb7qUnBkNPnL+oV5DjJUo0kqWsJUapZsM4jCfYItbqBDvlcA==

lightningcss-darwin-x64@1.29.2:
  version "1.29.2"
  resolved "https://registry.yarnpkg.com/lightningcss-darwin-x64/-/lightningcss-darwin-x64-1.29.2.tgz#891b6f9e57682d794223c33463ca66d3af3fb038"
  integrity sha512-j5qYxamyQw4kDXX5hnnCKMf3mLlHvG44f24Qyi2965/Ycz829MYqjrVg2H8BidybHBp9kom4D7DR5VqCKDXS0w==

lightningcss-freebsd-x64@1.29.2:
  version "1.29.2"
  resolved "https://registry.yarnpkg.com/lightningcss-freebsd-x64/-/lightningcss-freebsd-x64-1.29.2.tgz#8a95f9ab73b2b2b0beefe1599fafa8b058938495"
  integrity sha512-wDk7M2tM78Ii8ek9YjnY8MjV5f5JN2qNVO+/0BAGZRvXKtQrBC4/cn4ssQIpKIPP44YXw6gFdpUF+Ps+RGsCwg==

lightningcss-linux-arm-gnueabihf@1.29.2:
  version "1.29.2"
  resolved "https://registry.yarnpkg.com/lightningcss-linux-arm-gnueabihf/-/lightningcss-linux-arm-gnueabihf-1.29.2.tgz#5c60bbf92b39d7ed51e363f7b98a7111bf5914a1"
  integrity sha512-IRUrOrAF2Z+KExdExe3Rz7NSTuuJ2HvCGlMKoquK5pjvo2JY4Rybr+NrKnq0U0hZnx5AnGsuFHjGnNT14w26sg==

lightningcss-linux-arm64-gnu@1.29.2:
  version "1.29.2"
  resolved "https://registry.yarnpkg.com/lightningcss-linux-arm64-gnu/-/lightningcss-linux-arm64-gnu-1.29.2.tgz#e73d7608c4cce034c3654e5e8b53be74846224de"
  integrity sha512-KKCpOlmhdjvUTX/mBuaKemp0oeDIBBLFiU5Fnqxh1/DZ4JPZi4evEH7TKoSBFOSOV3J7iEmmBaw/8dpiUvRKlQ==

lightningcss-linux-arm64-musl@1.29.2:
  version "1.29.2"
  resolved "https://registry.yarnpkg.com/lightningcss-linux-arm64-musl/-/lightningcss-linux-arm64-musl-1.29.2.tgz#a95a18d5a909831c092e0a8d2de4b9ac1a8db151"
  integrity sha512-Q64eM1bPlOOUgxFmoPUefqzY1yV3ctFPE6d/Vt7WzLW4rKTv7MyYNky+FWxRpLkNASTnKQUaiMJ87zNODIrrKQ==

lightningcss-linux-x64-gnu@1.29.2:
  version "1.29.2"
  resolved "https://registry.yarnpkg.com/lightningcss-linux-x64-gnu/-/lightningcss-linux-x64-gnu-1.29.2.tgz#551ca07e565394928642edee92acc042e546cb78"
  integrity sha512-0v6idDCPG6epLXtBH/RPkHvYx74CVziHo6TMYga8O2EiQApnUPZsbR9nFNrg2cgBzk1AYqEd95TlrsL7nYABQg==

lightningcss-linux-x64-musl@1.29.2:
  version "1.29.2"
  resolved "https://registry.yarnpkg.com/lightningcss-linux-x64-musl/-/lightningcss-linux-x64-musl-1.29.2.tgz#2fd164554340831bce50285b57101817850dd258"
  integrity sha512-rMpz2yawkgGT8RULc5S4WiZopVMOFWjiItBT7aSfDX4NQav6M44rhn5hjtkKzB+wMTRlLLqxkeYEtQ3dd9696w==

lightningcss-win32-arm64-msvc@1.29.2:
  version "1.29.2"
  resolved "https://registry.yarnpkg.com/lightningcss-win32-arm64-msvc/-/lightningcss-win32-arm64-msvc-1.29.2.tgz#da43ea49fafc5d2de38e016f1a8539d5eed98318"
  integrity sha512-nL7zRW6evGQqYVu/bKGK+zShyz8OVzsCotFgc7judbt6wnB2KbiKKJwBE4SGoDBQ1O94RjW4asrCjQL4i8Fhbw==

lightningcss-win32-x64-msvc@1.29.2:
  version "1.29.2"
  resolved "https://registry.yarnpkg.com/lightningcss-win32-x64-msvc/-/lightningcss-win32-x64-msvc-1.29.2.tgz#ddefaa099a39b725b2f5bbdcb9fc718435cc9797"
  integrity sha512-EdIUW3B2vLuHmv7urfzMI/h2fmlnOQBk1xlsDxkN1tCWKjNFjfLhGxYk8C8mzpSfr+A6jFFIi8fU6LbQGsRWjA==

lightningcss@1.29.2:
  version "1.29.2"
  resolved "https://registry.yarnpkg.com/lightningcss/-/lightningcss-1.29.2.tgz#f5f0fd6e63292a232697e6fe709da5b47624def3"
  integrity sha512-6b6gd/RUXKaw5keVdSEtqFVdzWnU5jMxTUjA2bVcMNPLwSQ08Sv/UodBVtETLCn7k4S1Ibxwh7k68IwLZPgKaA==
  dependencies:
    detect-libc "^2.0.3"
  optionalDependencies:
    lightningcss-darwin-arm64 "1.29.2"
    lightningcss-darwin-x64 "1.29.2"
    lightningcss-freebsd-x64 "1.29.2"
    lightningcss-linux-arm-gnueabihf "1.29.2"
    lightningcss-linux-arm64-gnu "1.29.2"
    lightningcss-linux-arm64-musl "1.29.2"
    lightningcss-linux-x64-gnu "1.29.2"
    lightningcss-linux-x64-musl "1.29.2"
    lightningcss-win32-arm64-msvc "1.29.2"
    lightningcss-win32-x64-msvc "1.29.2"

locate-character@^3.0.0:
  version "3.0.0"
  resolved "https://registry.yarnpkg.com/locate-character/-/locate-character-3.0.0.tgz#0305c5b8744f61028ef5d01f444009e00779f974"
  integrity sha512-SW13ws7BjaeJ6p7Q6CO2nchbYEc3X3J6WrmTTDto7yMPqVSZTUyY5Tjbid+Ab8gLnATtygYtiDIJGQRRn2ZOiA==

magic-string@^0.30.11, magic-string@^0.30.15:
  version "0.30.17"
  resolved "https://registry.yarnpkg.com/magic-string/-/magic-string-0.30.17.tgz#450a449673d2460e5bbcfba9a61916a1714c7453"
  integrity sha512-sNPKHvyjVf7gyjwS4xGTaW/mCnF8wnjtifKBEhxfZ7E/S8tQ0rssrwGNn6q8JH/ohItJfSQp9mBtQYuTlH5QnA==
  dependencies:
    "@jridgewell/sourcemap-codec" "^1.5.0"

ms@^2.1.3:
  version "2.1.3"
  resolved "https://registry.yarnpkg.com/ms/-/ms-2.1.3.tgz#574c8138ce1d2b5861f0b44579dbadd60c6615b2"
  integrity sha512-6FlzubTLZG3J2a/NVCAleEhjzq5oxgHyaCU9yYXvcLsvoVaHJq/s5xXI6/XXP6tz7R9xAOtHnSO/tXtF3WRTlA==

nanoid@^3.3.8:
  version "3.3.9"
  resolved "https://registry.yarnpkg.com/nanoid/-/nanoid-3.3.9.tgz#e0097d8e026b3343ff053e9ccd407360a03f503a"
  integrity sha512-SppoicMGpZvbF1l3z4x7No3OlIjP7QJvC9XR7AhZr1kL133KHnKPztkKDc+Ir4aJ/1VhTySrtKhrsycmrMQfvg==

node-releases@^2.0.19:
  version "2.0.19"
  resolved "https://registry.yarnpkg.com/node-releases/-/node-releases-2.0.19.tgz#9e445a52950951ec4d177d843af370b411caf314"
  integrity sha512-xxOWJsBKtzAq7DY0J+DTzuz58K8e7sJbdgwkbMWQe8UYB6ekmsQ45q0M/tJDsGaZmbC+l7n57UV8Hl5tHxO9uw==

normalize-range@^0.1.2:
  version "0.1.2"
  resolved "https://registry.yarnpkg.com/normalize-range/-/normalize-range-0.1.2.tgz#2d10c06bdfd312ea9777695a4d28439456b75942"
  integrity sha512-bdok/XvKII3nUpklnV6P2hxtMNrCboOjAcyBuQnWEhO665FwrSNRxU+AqpsyvO6LgGYPspN+lu5CLtw4jPRKNA==

picocolors@^1.1.1:
  version "1.1.1"
  resolved "https://registry.yarnpkg.com/picocolors/-/picocolors-1.1.1.tgz#3d321af3eab939b083c8f929a1d12cda81c26b6b"
  integrity sha512-xceH2snhtb5M9liqDsmEw56le376mTZkEX/jEb/RxNFyegNul7eNslCXP9FDj/Lcu0X8KEyMceP2ntpaHrDEVA==

postcss-value-parser@^4.2.0:
  version "4.2.0"
  resolved "https://registry.yarnpkg.com/postcss-value-parser/-/postcss-value-parser-4.2.0.tgz#723c09920836ba6d3e5af019f92bc0971c02e514"
  integrity sha512-1NNCs6uurfkVbeXG4S8JFT9t19m45ICnif8zWLd5oPSZ50QnwMfK+H3jv408d4jw/7Bttv5axS5IiHoLaVNHeQ==

postcss@^8.4.41, postcss@^8.5.3:
  version "8.5.3"
  resolved "https://registry.yarnpkg.com/postcss/-/postcss-8.5.3.tgz#1463b6f1c7fb16fe258736cba29a2de35237eafb"
  integrity sha512-dle9A3yYxlBSrt8Fu+IpjGT8SY8hN0mlaA6GY8t0P5PjIOZemULz/E2Bnm/2dcUOena75OTNkHI76uZBNUUq3A==
  dependencies:
    nanoid "^3.3.8"
    picocolors "^1.1.1"
    source-map-js "^1.2.1"

rollup@^4.30.1:
  version "4.35.0"
  resolved "https://registry.yarnpkg.com/rollup/-/rollup-4.35.0.tgz#76c95dba17a579df4c00c3955aed32aa5d4dc66d"
  integrity sha512-kg6oI4g+vc41vePJyO6dHt/yl0Rz3Thv0kJeVQ3D1kS3E5XSuKbPc29G4IpT/Kv1KQwgHVcN+HtyS+HYLNSvQg==
  dependencies:
    "@types/estree" "1.0.6"
  optionalDependencies:
    "@rollup/rollup-android-arm-eabi" "4.35.0"
    "@rollup/rollup-android-arm64" "4.35.0"
    "@rollup/rollup-darwin-arm64" "4.35.0"
    "@rollup/rollup-darwin-x64" "4.35.0"
    "@rollup/rollup-freebsd-arm64" "4.35.0"
    "@rollup/rollup-freebsd-x64" "4.35.0"
    "@rollup/rollup-linux-arm-gnueabihf" "4.35.0"
    "@rollup/rollup-linux-arm-musleabihf" "4.35.0"
    "@rollup/rollup-linux-arm64-gnu" "4.35.0"
    "@rollup/rollup-linux-arm64-musl" "4.35.0"
    "@rollup/rollup-linux-loongarch64-gnu" "4.35.0"
    "@rollup/rollup-linux-powerpc64le-gnu" "4.35.0"
    "@rollup/rollup-linux-riscv64-gnu" "4.35.0"
    "@rollup/rollup-linux-s390x-gnu" "4.35.0"
    "@rollup/rollup-linux-x64-gnu" "4.35.0"
    "@rollup/rollup-linux-x64-musl" "4.35.0"
    "@rollup/rollup-win32-arm64-msvc" "4.35.0"
    "@rollup/rollup-win32-ia32-msvc" "4.35.0"
    "@rollup/rollup-win32-x64-msvc" "4.35.0"
    fsevents "~2.3.2"

source-map-js@^1.2.1:
  version "1.2.1"
  resolved "https://registry.yarnpkg.com/source-map-js/-/source-map-js-1.2.1.tgz#1ce5650fddd87abc099eda37dcff024c2667ae46"
  integrity sha512-UXWMKhLOwVKb728IUtQPXxfYU+usdybtUrK/8uGE8CQMvrhOpwvzDBwj0QhSL7MQc7vIsISBG8VQ8+IDQxpfQA==

svelte@^5.20.2:
  version "5.23.0"
  resolved "https://registry.yarnpkg.com/svelte/-/svelte-5.23.0.tgz#1f6b224f5cb8cee677bdb6b78fb097933923b82a"
  integrity sha512-v0lL3NuKontiCxholEiAXCB+BYbndlKbwlDMK0DS86WgGELMJSpyqCSbJeMEMBDwOglnS7Ar2Rq0wwa/z2L8Vg==
  dependencies:
    "@ampproject/remapping" "^2.3.0"
    "@jridgewell/sourcemap-codec" "^1.5.0"
    "@sveltejs/acorn-typescript" "^1.0.5"
    "@types/estree" "^1.0.5"
    acorn "^8.12.1"
    aria-query "^5.3.1"
    axobject-query "^4.1.0"
    clsx "^2.1.1"
    esm-env "^1.2.1"
    esrap "^1.4.3"
    is-reference "^3.0.3"
    locate-character "^3.0.0"
    magic-string "^0.30.11"
    zimmerframe "^1.1.2"

tailwindcss@4.0.13, tailwindcss@^4.0.13:
  version "4.0.13"
  resolved "https://registry.yarnpkg.com/tailwindcss/-/tailwindcss-4.0.13.tgz#093935db2e4b80d245386f69da580528ac5b1b3c"
  integrity sha512-gbvFrB0fOsTv/OugXWi2PtflJ4S6/ctu6Mmn3bCftmLY/6xRsQVEJPgIIpABwpZ52DpONkCA3bEj5b54MHxF2Q==

tapable@^2.2.0:
  version "2.2.1"
  resolved "https://registry.yarnpkg.com/tapable/-/tapable-2.2.1.tgz#1967a73ef4060a82f12ab96af86d52fdb76eeca0"
  integrity sha512-GNzQvQTOIP6RyTfE2Qxb8ZVlNmw0n88vp1szwWRimP02mnTsx3Wtn5qRdqY9w2XduFNUgvOwhNnQsjwCp+kqaQ==

update-browserslist-db@^1.1.1:
  version "1.1.3"
  resolved "https://registry.yarnpkg.com/update-browserslist-db/-/update-browserslist-db-1.1.3.tgz#348377dd245216f9e7060ff50b15a1b740b75420"
  integrity sha512-UxhIZQ+QInVdunkDAaiazvvT/+fXL5Osr0JZlJulepYu6Jd7qJtDZjlur0emRlT71EN3ScPoE7gvsuIKKNavKw==
  dependencies:
    escalade "^3.2.0"
    picocolors "^1.1.1"

vite@^6.2.0:
  version "6.2.1"
  resolved "https://registry.yarnpkg.com/vite/-/vite-6.2.1.tgz#ae865d4bb93a11844be1bc647c8b2dd1856ea180"
  integrity sha512-n2GnqDb6XPhlt9B8olZPrgMD/es/Nd1RdChF6CBD/fHW6pUyUTt2sQW2fPRX5GiD9XEa6+8A6A4f2vT6pSsE7Q==
  dependencies:
    esbuild "^0.25.0"
    postcss "^8.5.3"
    rollup "^4.30.1"
  optionalDependencies:
    fsevents "~2.3.3"

vitefu@^1.0.4:
  version "1.0.6"
  resolved "https://registry.yarnpkg.com/vitefu/-/vitefu-1.0.6.tgz#3d2534621ea95081e6fbf4c0d8db9a292357a41b"
  integrity sha512-+Rex1GlappUyNN6UfwbVZne/9cYC4+R2XDk9xkNXBKMw6HQagdX9PgZ8V2v1WUSK1wfBLp7qbI1+XSNIlB1xmA==

zimmerframe@^1.1.2:
  version "1.1.2"
  resolved "https://registry.yarnpkg.com/zimmerframe/-/zimmerframe-1.1.2.tgz#5b75f1fa83b07ae2a428d51e50f58e2ae6855e5e"
  integrity sha512-rAbqEGa8ovJy4pyBxZM70hg4pE6gDgaQ0Sl9M3enG3I0d6H4XSAM3GeNGLKnsBpuijUow064sf7ww1nutC5/3w==
